// !$*UTF8*$!
{
	archiveVersion = 1;
	classes = {
	};
	objectVersion = 77;
	objects = {

/* Begin PBXBuildFile section */
		0C518DCF6A3D36EFDCA2C719 /* OrganizerDesign+CoreDataProperties.swift in Sources */ = {isa = PBXBuildFile; fileRef = 20CD8EA2CAF1F4C6997A9653 /* OrganizerDesign+CoreDataProperties.swift */; };
		139C8E44E2EB16C724423B24 /* ConstructorView.swift in Sources */ = {isa = PBXBuildFile; fileRef = 8AB16A153B8168CF77997038 /* ConstructorView.swift */; };
		17B9088DEAEA1865021F317E /* ExportHistory+CoreDataProperties.swift in Sources */ = {isa = PBXBuildFile; fileRef = F95B862AF6B59B16B15C9874 /* ExportHistory+CoreDataProperties.swift */; };
		2177EBA9342C155A37C71DAD /* ContentView.swift in Sources */ = {isa = PBXBuildFile; fileRef = 84E61481A685941F855FE0CF /* ContentView.swift */; };
		272C769DB6746AC865DF5EF8 /* ReminderSchedule+CoreDataClass.swift in Sources */ = {isa = PBXBuildFile; fileRef = 22813F79F71C088C5E28383F /* ReminderSchedule+CoreDataClass.swift */; };
		284354AD6CA42BB05E4A1F6D /* Localizable.strings in Resources */ = {isa = PBXBuildFile; fileRef = C44C39D6601EEB05CB7E4A8A /* Localizable.strings */; };
		29E935329243511E7F404814 /* ExportHistory+CoreDataClass.swift in Sources */ = {isa = PBXBuildFile; fileRef = C1D7DF8BCD99678FCE1BFC77 /* ExportHistory+CoreDataClass.swift */; };
		322B96D908A67D98ED008343 /* Compartment+CoreDataClass.swift in Sources */ = {isa = PBXBuildFile; fileRef = F60A5A6FBCEBC0F85B5D349E /* Compartment+CoreDataClass.swift */; };
		39A8F7124A277D25731227F1 /* Scene3DService.swift in Sources */ = {isa = PBXBuildFile; fileRef = 240C043B9DE753BB03FA615F /* Scene3DService.swift */; };
		433D337490096AD9EB373446 /* OrganizerViewModel.swift in Sources */ = {isa = PBXBuildFile; fileRef = BA7E75FA6C3C57FE5812BCFC /* OrganizerViewModel.swift */; };
		5773E57DB5A4A4AE73B86ED7 /* MedicationViewModel.swift in Sources */ = {isa = PBXBuildFile; fileRef = E4FD866CD5381ED192ADEC8F /* MedicationViewModel.swift */; };
		6521FDEF5E3133B89DA88BF4 /* PresetCompartments.json in Resources */ = {isa = PBXBuildFile; fileRef = 5F584DFB2226CDA9D952BFEC /* PresetCompartments.json */; };
		65DA341CCA8237DDB122443D /* CompartmentDetailSheet.swift in Sources */ = {isa = PBXBuildFile; fileRef = C31735B4988C1EF296AB3226 /* CompartmentDetailSheet.swift */; };
		683FE1AFDBB496AA8F2E637C /* SnapToGridCalculator.swift in Sources */ = {isa = PBXBuildFile; fileRef = D88338799142BDEB3A8F8717 /* SnapToGridCalculator.swift */; };
		7082757334A04B31880D4CE3 /* DataPersistenceService.swift in Sources */ = {isa = PBXBuildFile; fileRef = D8A7796E0A84011585268E44 /* DataPersistenceService.swift */; };
		7333075F883F2BFC45903DF4 /* PeppermintDataModel.xcdatamodeld in Sources */ = {isa = PBXBuildFile; fileRef = 42E65113F5509F80F567218D /* PeppermintDataModel.xcdatamodeld */; };
		781B2897B1F6266C34878263 /* OrganizerDesign+CoreDataClass.swift in Sources */ = {isa = PBXBuildFile; fileRef = 9B49DFD72BAEC10017A6DA7C /* OrganizerDesign+CoreDataClass.swift */; };
		7DBD97414EC01E9AF27AE010 /* FrictionFitGenerator.swift in Sources */ = {isa = PBXBuildFile; fileRef = 4FC90A95E7AA53F30F139B1C /* FrictionFitGenerator.swift */; };
		8185263E6EE7B056ED14AF1B /* BiometricAuthManager.swift in Sources */ = {isa = PBXBuildFile; fileRef = 343D2C2802AB25CC2774D237 /* BiometricAuthManager.swift */; };
		8793F59F5D7657CF5BEA9773 /* ReminderSchedule+CoreDataProperties.swift in Sources */ = {isa = PBXBuildFile; fileRef = BBBDBC34B143C4C56C2E7AD7 /* ReminderSchedule+CoreDataProperties.swift */; };
		9796E9B680B9D614D4B6BC4D /* Scene3DView.swift in Sources */ = {isa = PBXBuildFile; fileRef = 76AA53A0A00F990DFE5F3472 /* Scene3DView.swift */; };
		9E338648DE498B3E5A4B2077 /* ComponentLibraryView.swift in Sources */ = {isa = PBXBuildFile; fileRef = B0395037B7FDA1F5281C7280 /* ComponentLibraryView.swift */; };
		A101959CC99DA88DD2F13B68 /* AccessibilityHelper.swift in Sources */ = {isa = PBXBuildFile; fileRef = 3A7C038C05F6FB2365737B5A /* AccessibilityHelper.swift */; };
		B67AA88387C8ECAEB97206EC /* Assets.xcassets in Resources */ = {isa = PBXBuildFile; fileRef = D56FDEA7466ED07B54A6E03A /* Assets.xcassets */; };
		CE5CC62F95F11ED51E83EF32 /* Medication+CoreDataProperties.swift in Sources */ = {isa = PBXBuildFile; fileRef = 45B2E95E7868AB2FCF34023F /* Medication+CoreDataProperties.swift */; };
		D91EB6F85C02DF3B8BC766F8 /* Medication+CoreDataClass.swift in Sources */ = {isa = PBXBuildFile; fileRef = C6585A1591CD0EA7A06159A8 /* Medication+CoreDataClass.swift */; };
		E33B7E2ECBC6FD5139A8D52C /* Compartment+CoreDataProperties.swift in Sources */ = {isa = PBXBuildFile; fileRef = E51242C0D32D795CB368FB1B /* Compartment+CoreDataProperties.swift */; };
		E45ACE249D35686DE8A454CA /* OrganizerLibraryView.swift in Sources */ = {isa = PBXBuildFile; fileRef = E0E3B3B8967543CFA1C26679 /* OrganizerLibraryView.swift */; };
		EE05853A7616E4679A5CD793 /* PeppermintApp.swift in Sources */ = {isa = PBXBuildFile; fileRef = 64B3450C3C805CB2DD1B5EB6 /* PeppermintApp.swift */; };
/* End PBXBuildFile section */

/* Begin PBXContainerItemProxy section */
		3BB33D78CE148D739AEB1A77 /* PBXContainerItemProxy */ = {
			isa = PBXContainerItemProxy;
			containerPortal = FC4F3E258C95BA19ABE6508D /* Project object */;
			proxyType = 1;
			remoteGlobalIDString = DFF64E3F6CF583516DDF1BA6;
			remoteInfo = Peppermint;
		};
		676D203347A30F3A407E2732 /* PBXContainerItemProxy */ = {
			isa = PBXContainerItemProxy;
			containerPortal = FC4F3E258C95BA19ABE6508D /* Project object */;
			proxyType = 1;
			remoteGlobalIDString = DFF64E3F6CF583516DDF1BA6;
			remoteInfo = Peppermint;
		};
/* End PBXContainerItemProxy section */

/* Begin PBXFileReference section */
		20CD8EA2CAF1F4C6997A9653 /* OrganizerDesign+CoreDataProperties.swift */ = {isa = PBXFileReference; lastKnownFileType = sourcecode.swift; path = "OrganizerDesign+CoreDataProperties.swift"; sourceTree = "<group>"; };
		22813F79F71C088C5E28383F /* ReminderSchedule+CoreDataClass.swift */ = {isa = PBXFileReference; lastKnownFileType = sourcecode.swift; path = "ReminderSchedule+CoreDataClass.swift"; sourceTree = "<group>"; };
		240C043B9DE753BB03FA615F /* Scene3DService.swift */ = {isa = PBXFileReference; lastKnownFileType = sourcecode.swift; path = Scene3DService.swift; sourceTree = "<group>"; };
		343D2C2802AB25CC2774D237 /* BiometricAuthManager.swift */ = {isa = PBXFileReference; lastKnownFileType = sourcecode.swift; path = BiometricAuthManager.swift; sourceTree = "<group>"; };
		3A7C038C05F6FB2365737B5A /* AccessibilityHelper.swift */ = {isa = PBXFileReference; lastKnownFileType = sourcecode.swift; path = AccessibilityHelper.swift; sourceTree = "<group>"; };
		457FBEBF1F4CE5F4DD70FB65 /* PeppermintDataModel.xcdatamodel */ = {isa = PBXFileReference; lastKnownFileType = wrapper.xcdatamodel; path = PeppermintDataModel.xcdatamodel; sourceTree = "<group>"; };
		45B2E95E7868AB2FCF34023F /* Medication+CoreDataProperties.swift */ = {isa = PBXFileReference; lastKnownFileType = sourcecode.swift; path = "Medication+CoreDataProperties.swift"; sourceTree = "<group>"; };
		4FC90A95E7AA53F30F139B1C /* FrictionFitGenerator.swift */ = {isa = PBXFileReference; lastKnownFileType = sourcecode.swift; path = FrictionFitGenerator.swift; sourceTree = "<group>"; };
		5F584DFB2226CDA9D952BFEC /* PresetCompartments.json */ = {isa = PBXFileReference; lastKnownFileType = text.json; path = PresetCompartments.json; sourceTree = "<group>"; };
		64B3450C3C805CB2DD1B5EB6 /* PeppermintApp.swift */ = {isa = PBXFileReference; lastKnownFileType = sourcecode.swift; path = PeppermintApp.swift; sourceTree = "<group>"; };
		76AA53A0A00F990DFE5F3472 /* Scene3DView.swift */ = {isa = PBXFileReference; lastKnownFileType = sourcecode.swift; path = Scene3DView.swift; sourceTree = "<group>"; };
		79F0D89901011FBBDECB5C83 /* PeppermintUITests.xctest */ = {isa = PBXFileReference; includeInIndex = 0; lastKnownFileType = wrapper.cfbundle; path = PeppermintUITests.xctest; sourceTree = BUILT_PRODUCTS_DIR; };
		7A8EE5A0D2DB96CAA2C0E428 /* Info.plist */ = {isa = PBXFileReference; lastKnownFileType = text.plist; path = Info.plist; sourceTree = "<group>"; };
		84E61481A685941F855FE0CF /* ContentView.swift */ = {isa = PBXFileReference; lastKnownFileType = sourcecode.swift; path = ContentView.swift; sourceTree = "<group>"; };
		8AB16A153B8168CF77997038 /* ConstructorView.swift */ = {isa = PBXFileReference; lastKnownFileType = sourcecode.swift; path = ConstructorView.swift; sourceTree = "<group>"; };
		9B49DFD72BAEC10017A6DA7C /* OrganizerDesign+CoreDataClass.swift */ = {isa = PBXFileReference; lastKnownFileType = sourcecode.swift; path = "OrganizerDesign+CoreDataClass.swift"; sourceTree = "<group>"; };
		AB8DAB7E0F3820B6A6E17C79 /* PeppermintTests.xctest */ = {isa = PBXFileReference; includeInIndex = 0; lastKnownFileType = wrapper.cfbundle; path = PeppermintTests.xctest; sourceTree = BUILT_PRODUCTS_DIR; };
		B0395037B7FDA1F5281C7280 /* ComponentLibraryView.swift */ = {isa = PBXFileReference; lastKnownFileType = sourcecode.swift; path = ComponentLibraryView.swift; sourceTree = "<group>"; };
		BA7E75FA6C3C57FE5812BCFC /* OrganizerViewModel.swift */ = {isa = PBXFileReference; lastKnownFileType = sourcecode.swift; path = OrganizerViewModel.swift; sourceTree = "<group>"; };
		BBBDBC34B143C4C56C2E7AD7 /* ReminderSchedule+CoreDataProperties.swift */ = {isa = PBXFileReference; lastKnownFileType = sourcecode.swift; path = "ReminderSchedule+CoreDataProperties.swift"; sourceTree = "<group>"; };
		C1D7DF8BCD99678FCE1BFC77 /* ExportHistory+CoreDataClass.swift */ = {isa = PBXFileReference; lastKnownFileType = sourcecode.swift; path = "ExportHistory+CoreDataClass.swift"; sourceTree = "<group>"; };
		C31735B4988C1EF296AB3226 /* CompartmentDetailSheet.swift */ = {isa = PBXFileReference; lastKnownFileType = sourcecode.swift; path = CompartmentDetailSheet.swift; sourceTree = "<group>"; };
		C44C39D6601EEB05CB7E4A8A /* Localizable.strings */ = {isa = PBXFileReference; lastKnownFileType = text.plist.strings; path = Localizable.strings; sourceTree = "<group>"; };
		C6585A1591CD0EA7A06159A8 /* Medication+CoreDataClass.swift */ = {isa = PBXFileReference; lastKnownFileType = sourcecode.swift; path = "Medication+CoreDataClass.swift"; sourceTree = "<group>"; };
		D56FDEA7466ED07B54A6E03A /* Assets.xcassets */ = {isa = PBXFileReference; lastKnownFileType = folder.assetcatalog; path = Assets.xcassets; sourceTree = "<group>"; };
		D88338799142BDEB3A8F8717 /* SnapToGridCalculator.swift */ = {isa = PBXFileReference; lastKnownFileType = sourcecode.swift; path = SnapToGridCalculator.swift; sourceTree = "<group>"; };
		D8A7796E0A84011585268E44 /* DataPersistenceService.swift */ = {isa = PBXFileReference; lastKnownFileType = sourcecode.swift; path = DataPersistenceService.swift; sourceTree = "<group>"; };
		E0E3B3B8967543CFA1C26679 /* OrganizerLibraryView.swift */ = {isa = PBXFileReference; lastKnownFileType = sourcecode.swift; path = OrganizerLibraryView.swift; sourceTree = "<group>"; };
		E4FD866CD5381ED192ADEC8F /* MedicationViewModel.swift */ = {isa = PBXFileReference; lastKnownFileType = sourcecode.swift; path = MedicationViewModel.swift; sourceTree = "<group>"; };
		E51242C0D32D795CB368FB1B /* Compartment+CoreDataProperties.swift */ = {isa = PBXFileReference; lastKnownFileType = sourcecode.swift; path = "Compartment+CoreDataProperties.swift"; sourceTree = "<group>"; };
		F60A5A6FBCEBC0F85B5D349E /* Compartment+CoreDataClass.swift */ = {isa = PBXFileReference; lastKnownFileType = sourcecode.swift; path = "Compartment+CoreDataClass.swift"; sourceTree = "<group>"; };
		F95B862AF6B59B16B15C9874 /* ExportHistory+CoreDataProperties.swift */ = {isa = PBXFileReference; lastKnownFileType = sourcecode.swift; path = "ExportHistory+CoreDataProperties.swift"; sourceTree = "<group>"; };
		FDCEB8615CA4087662569E2C /* Peppermint.app */ = {isa = PBXFileReference; includeInIndex = 0; lastKnownFileType = wrapper.application; path = Peppermint.app; sourceTree = BUILT_PRODUCTS_DIR; };
/* End PBXFileReference section */

/* Begin PBXGroup section */
		018843B2666594DBF4318683 /* Models */ = {
			isa = PBXGroup;
			children = (
				F60A5A6FBCEBC0F85B5D349E /* Compartment+CoreDataClass.swift */,
				E51242C0D32D795CB368FB1B /* Compartment+CoreDataProperties.swift */,
				C1D7DF8BCD99678FCE1BFC77 /* ExportHistory+CoreDataClass.swift */,
				F95B862AF6B59B16B15C9874 /* ExportHistory+CoreDataProperties.swift */,
				C6585A1591CD0EA7A06159A8 /* Medication+CoreDataClass.swift */,
				45B2E95E7868AB2FCF34023F /* Medication+CoreDataProperties.swift */,
				9B49DFD72BAEC10017A6DA7C /* OrganizerDesign+CoreDataClass.swift */,
				20CD8EA2CAF1F4C6997A9653 /* OrganizerDesign+CoreDataProperties.swift */,
				42E65113F5509F80F567218D /* PeppermintDataModel.xcdatamodeld */,
				22813F79F71C088C5E28383F /* ReminderSchedule+CoreDataClass.swift */,
				BBBDBC34B143C4C56C2E7AD7 /* ReminderSchedule+CoreDataProperties.swift */,
			);
			path = Models;
			sourceTree = "<group>";
		};
		4B353ACD1AFDEE15E54651F4 /* Products */ = {
			isa = PBXGroup;
			children = (
				FDCEB8615CA4087662569E2C /* Peppermint.app */,
				AB8DAB7E0F3820B6A6E17C79 /* PeppermintTests.xctest */,
				79F0D89901011FBBDECB5C83 /* PeppermintUITests.xctest */,
			);
			name = Products;
			sourceTree = "<group>";
		};
		56EB7A951BDCF13E6CA32222 /* Constructor */ = {
			isa = PBXGroup;
			children = (
				C31735B4988C1EF296AB3226 /* CompartmentDetailSheet.swift */,
				B0395037B7FDA1F5281C7280 /* ComponentLibraryView.swift */,
				8AB16A153B8168CF77997038 /* ConstructorView.swift */,
				76AA53A0A00F990DFE5F3472 /* Scene3DView.swift */,
			);
			path = Constructor;
			sourceTree = "<group>";
		};
		571F839826BB4ADCAFE9C583 /* Resources */ = {
			isa = PBXGroup;
			children = (
				C44C39D6601EEB05CB7E4A8A /* Localizable.strings */,
				5F584DFB2226CDA9D952BFEC /* PresetCompartments.json */,
			);
			path = Resources;
			sourceTree = "<group>";
		};
		5AE2D6C96029B4C546AFCED2 /* App */ = {
			isa = PBXGroup;
			children = (
				84E61481A685941F855FE0CF /* ContentView.swift */,
				64B3450C3C805CB2DD1B5EB6 /* PeppermintApp.swift */,
			);
			path = App;
			sourceTree = "<group>";
		};
		5D08337290A351C1C3BABECD /* ViewModels */ = {
			isa = PBXGroup;
			children = (
				E4FD866CD5381ED192ADEC8F /* MedicationViewModel.swift */,
				BA7E75FA6C3C57FE5812BCFC /* OrganizerViewModel.swift */,
			);
			path = ViewModels;
			sourceTree = "<group>";
		};
		70648B482BC8A3AA53462901 /* Views */ = {
			isa = PBXGroup;
			children = (
				56EB7A951BDCF13E6CA32222 /* Constructor */,
				AF3FF4FAC9D4FC7B69FE89F9 /* Library */,
			);
			path = Views;
			sourceTree = "<group>";
		};
		7359EFEED61D3918ABE99758 /* PeppermintUITests */ = {
			isa = PBXGroup;
			children = (
			);
			path = PeppermintUITests;
			sourceTree = "<group>";
		};
		74A036488CA1922B6F9A8B5F /* Utilities */ = {
			isa = PBXGroup;
			children = (
				3A7C038C05F6FB2365737B5A /* AccessibilityHelper.swift */,
				343D2C2802AB25CC2774D237 /* BiometricAuthManager.swift */,
				D88338799142BDEB3A8F8717 /* SnapToGridCalculator.swift */,
			);
			path = Utilities;
			sourceTree = "<group>";
		};
		AF3FF4FAC9D4FC7B69FE89F9 /* Library */ = {
			isa = PBXGroup;
			children = (
				E0E3B3B8967543CFA1C26679 /* OrganizerLibraryView.swift */,
			);
			path = Library;
			sourceTree = "<group>";
		};
		C1C8FAD62F051967C500ED8E /* PeppermintTests */ = {
			isa = PBXGroup;
			children = (
			);
			path = PeppermintTests;
			sourceTree = "<group>";
		};
		C326C21AC03C01E29229D0C8 = {
			isa = PBXGroup;
			children = (
				DB3C8AEF838475BB0068CAF6 /* Peppermint */,
				C1C8FAD62F051967C500ED8E /* PeppermintTests */,
				7359EFEED61D3918ABE99758 /* PeppermintUITests */,
				4B353ACD1AFDEE15E54651F4 /* Products */,
			);
			sourceTree = "<group>";
		};
		D0113D81F5B470DDCB01DD88 /* Services */ = {
			isa = PBXGroup;
			children = (
				D8A7796E0A84011585268E44 /* DataPersistenceService.swift */,
				4FC90A95E7AA53F30F139B1C /* FrictionFitGenerator.swift */,
				240C043B9DE753BB03FA615F /* Scene3DService.swift */,
			);
			path = Services;
			sourceTree = "<group>";
		};
		DB3C8AEF838475BB0068CAF6 /* Peppermint */ = {
			isa = PBXGroup;
			children = (
				D56FDEA7466ED07B54A6E03A /* Assets.xcassets */,
				7A8EE5A0D2DB96CAA2C0E428 /* Info.plist */,
				5AE2D6C96029B4C546AFCED2 /* App */,
				018843B2666594DBF4318683 /* Models */,
				571F839826BB4ADCAFE9C583 /* Resources */,
				D0113D81F5B470DDCB01DD88 /* Services */,
				74A036488CA1922B6F9A8B5F /* Utilities */,
				5D08337290A351C1C3BABECD /* ViewModels */,
				70648B482BC8A3AA53462901 /* Views */,
			);
			path = Peppermint;
			sourceTree = "<group>";
		};
/* End PBXGroup section */

/* Begin PBXNativeTarget section */
		8094FB2A816CEFC63B9A3D3F /* PeppermintUITests */ = {
			isa = PBXNativeTarget;
			buildConfigurationList = F21D3185A60F24A42CD24C19 /* Build configuration list for PBXNativeTarget "PeppermintUITests" */;
			buildPhases = (
				123DF65D9B66D775E5CCD6C9 /* Sources */,
			);
			buildRules = (
			);
			dependencies = (
				C5F79C6CB80F5C25C50A8C2C /* PBXTargetDependency */,
			);
			name = PeppermintUITests;
			packageProductDependencies = (
			);
			productName = PeppermintUITests;
			productReference = 79F0D89901011FBBDECB5C83 /* PeppermintUITests.xctest */;
			productType = "com.apple.product-type.bundle.ui-testing";
		};
		9FA0F0C73C5212A5B1918F61 /* PeppermintTests */ = {
			isa = PBXNativeTarget;
			buildConfigurationList = 54F28E27D814635813FB125F /* Build configuration list for PBXNativeTarget "PeppermintTests" */;
			buildPhases = (
				1AB8C1BD6FC6F09DF0B7D488 /* Sources */,
			);
			buildRules = (
			);
			dependencies = (
				E59C81B255DE5FA657BF7E10 /* PBXTargetDependency */,
			);
			name = PeppermintTests;
			packageProductDependencies = (
			);
			productName = PeppermintTests;
			productReference = AB8DAB7E0F3820B6A6E17C79 /* PeppermintTests.xctest */;
			productType = "com.apple.product-type.bundle.unit-test";
		};
		DFF64E3F6CF583516DDF1BA6 /* Peppermint */ = {
			isa = PBXNativeTarget;
			buildConfigurationList = EBC09E0B5BFFEEB4257C4353 /* Build configuration list for PBXNativeTarget "Peppermint" */;
			buildPhases = (
				7DEE6C70B3DDBE5C76CC025E /* Sources */,
				317C7B1E841AF89AAB597C61 /* Resources */,
			);
			buildRules = (
			);
			dependencies = (
			);
			name = Peppermint;
			packageProductDependencies = (
			);
			productName = Peppermint;
			productReference = FDCEB8615CA4087662569E2C /* Peppermint.app */;
			productType = "com.apple.product-type.application";
		};
/* End PBXNativeTarget section */

/* Begin PBXProject section */
		FC4F3E258C95BA19ABE6508D /* Project object */ = {
			isa = PBXProject;
			attributes = {
				BuildIndependentTargetsInParallel = YES;
				LastUpgradeCheck = 1530;
				TargetAttributes = {
					8094FB2A816CEFC63B9A3D3F = {
						TestTargetID = DFF64E3F6CF583516DDF1BA6;
					};
				};
			};
			buildConfigurationList = 1B6E1D88BE5F835D937CDFB1 /* Build configuration list for PBXProject "Peppermint" */;
			compatibilityVersion = "Xcode 14.0";
			developmentRegion = en;
			hasScannedForEncodings = 0;
			knownRegions = (
				Base,
				en,
			);
			mainGroup = C326C21AC03C01E29229D0C8;
			minimizedProjectReferenceProxies = 1;
			preferredProjectObjectVersion = 77;
			projectDirPath = "";
			projectRoot = "";
			targets = (
				DFF64E3F6CF583516DDF1BA6 /* Peppermint */,
				9FA0F0C73C5212A5B1918F61 /* PeppermintTests */,
				8094FB2A816CEFC63B9A3D3F /* PeppermintUITests */,
			);
		};
/* End PBXProject section */

/* Begin PBXResourcesBuildPhase section */
		317C7B1E841AF89AAB597C61 /* Resources */ = {
			isa = PBXResourcesBuildPhase;
			buildActionMask = 2147483647;
			files = (
				B67AA88387C8ECAEB97206EC /* Assets.xcassets in Resources */,
				284354AD6CA42BB05E4A1F6D /* Localizable.strings in Resources */,
				6521FDEF5E3133B89DA88BF4 /* PresetCompartments.json in Resources */,
			);
			runOnlyForDeploymentPostprocessing = 0;
		};
/* End PBXResourcesBuildPhase section */

/* Begin PBXSourcesBuildPhase section */
		123DF65D9B66D775E5CCD6C9 /* Sources */ = {
			isa = PBXSourcesBuildPhase;
			buildActionMask = 2147483647;
			files = (
			);
			runOnlyForDeploymentPostprocessing = 0;
		};
		1AB8C1BD6FC6F09DF0B7D488 /* Sources */ = {
			isa = PBXSourcesBuildPhase;
			buildActionMask = 2147483647;
			files = (
			);
			runOnlyForDeploymentPostprocessing = 0;
		};
		7DEE6C70B3DDBE5C76CC025E /* Sources */ = {
			isa = PBXSourcesBuildPhase;
			buildActionMask = 2147483647;
			files = (
				A101959CC99DA88DD2F13B68 /* AccessibilityHelper.swift in Sources */,
				8185263E6EE7B056ED14AF1B /* BiometricAuthManager.swift in Sources */,
				322B96D908A67D98ED008343 /* Compartment+CoreDataClass.swift in Sources */,
				E33B7E2ECBC6FD5139A8D52C /* Compartment+CoreDataProperties.swift in Sources */,
				65DA341CCA8237DDB122443D /* CompartmentDetailSheet.swift in Sources */,
				9E338648DE498B3E5A4B2077 /* ComponentLibraryView.swift in Sources */,
				139C8E44E2EB16C724423B24 /* ConstructorView.swift in Sources */,
				2177EBA9342C155A37C71DAD /* ContentView.swift in Sources */,
				7082757334A04B31880D4CE3 /* DataPersistenceService.swift in Sources */,
				29E935329243511E7F404814 /* ExportHistory+CoreDataClass.swift in Sources */,
				17B9088DEAEA1865021F317E /* ExportHistory+CoreDataProperties.swift in Sources */,
				7DBD97414EC01E9AF27AE010 /* FrictionFitGenerator.swift in Sources */,
				D91EB6F85C02DF3B8BC766F8 /* Medication+CoreDataClass.swift in Sources */,
				CE5CC62F95F11ED51E83EF32 /* Medication+CoreDataProperties.swift in Sources */,
				5773E57DB5A4A4AE73B86ED7 /* MedicationViewModel.swift in Sources */,
				781B2897B1F6266C34878263 /* OrganizerDesign+CoreDataClass.swift in Sources */,
				0C518DCF6A3D36EFDCA2C719 /* OrganizerDesign+CoreDataProperties.swift in Sources */,
				E45ACE249D35686DE8A454CA /* OrganizerLibraryView.swift in Sources */,
				433D337490096AD9EB373446 /* OrganizerViewModel.swift in Sources */,
				EE05853A7616E4679A5CD793 /* PeppermintApp.swift in Sources */,
				7333075F883F2BFC45903DF4 /* PeppermintDataModel.xcdatamodeld in Sources */,
				272C769DB6746AC865DF5EF8 /* ReminderSchedule+CoreDataClass.swift in Sources */,
				8793F59F5D7657CF5BEA9773 /* ReminderSchedule+CoreDataProperties.swift in Sources */,
				39A8F7124A277D25731227F1 /* Scene3DService.swift in Sources */,
				9796E9B680B9D614D4B6BC4D /* Scene3DView.swift in Sources */,
				683FE1AFDBB496AA8F2E637C /* SnapToGridCalculator.swift in Sources */,
			);
			runOnlyForDeploymentPostprocessing = 0;
		};
/* End PBXSourcesBuildPhase section */

/* Begin PBXTargetDependency section */
		C5F79C6CB80F5C25C50A8C2C /* PBXTargetDependency */ = {
			isa = PBXTargetDependency;
			target = DFF64E3F6CF583516DDF1BA6 /* Peppermint */;
			targetProxy = 3BB33D78CE148D739AEB1A77 /* PBXContainerItemProxy */;
		};
		E59C81B255DE5FA657BF7E10 /* PBXTargetDependency */ = {
			isa = PBXTargetDependency;
			target = DFF64E3F6CF583516DDF1BA6 /* Peppermint */;
			targetProxy = 676D203347A30F3A407E2732 /* PBXContainerItemProxy */;
		};
/* End PBXTargetDependency section */

/* Begin XCBuildConfiguration section */
		0564745086663BCAD434CE7A /* Release */ = {
			isa = XCBuildConfiguration;
			buildSettings = {
				BUNDLE_LOADER = "$(TEST_HOST)";
				LD_RUNPATH_SEARCH_PATHS = (
					"$(inherited)",
					"@executable_path/Frameworks",
					"@loader_path/Frameworks",
				);
				PRODUCT_BUNDLE_IDENTIFIER = com.peppermint.PeppermintUITests;
				SDKROOT = iphoneos;
				TARGETED_DEVICE_FAMILY = "1,2";
				TEST_TARGET_NAME = Peppermint;
			};
			name = Release;
		};
		1115C8A2251C736B2BE6CB24 /* Release */ = {
			isa = XCBuildConfiguration;
			buildSettings = {
				ALWAYS_SEARCH_USER_PATHS = NO;
				CLANG_ANALYZER_NONNULL = YES;
				CLANG_ANALYZER_NUMBER_OBJECT_CONVERSION = YES_AGGRESSIVE;
				CLANG_CXX_LANGUAGE_STANDARD = "gnu++14";
				CLANG_CXX_LIBRARY = "libc++";
				CLANG_ENABLE_MODULES = YES;
				CLANG_ENABLE_OBJC_ARC = YES;
				CLANG_ENABLE_OBJC_WEAK = YES;
				CLANG_WARN_BLOCK_CAPTURE_AUTORELEASING = YES;
				CLANG_WARN_BOOL_CONVERSION = YES;
				CLANG_WARN_COMMA = YES;
				CLANG_WARN_CONSTANT_CONVERSION = YES;
				CLANG_WARN_DEPRECATED_OBJC_IMPLEMENTATIONS = YES;
				CLANG_WARN_DIRECT_OBJC_ISA_USAGE = YES_ERROR;
				CLANG_WARN_DOCUMENTATION_COMMENTS = YES;
				CLANG_WARN_EMPTY_BODY = YES;
				CLANG_WARN_ENUM_CONVERSION = YES;
				CLANG_WARN_INFINITE_RECURSION = YES;
				CLANG_WARN_INT_CONVERSION = YES;
				CLANG_WARN_NON_LITERAL_NULL_CONVERSION = YES;
				CLANG_WARN_OBJC_IMPLICIT_RETAIN_SELF = YES;
				CLANG_WARN_OBJC_LITERAL_CONVERSION = YES;
				CLANG_WARN_OBJC_ROOT_CLASS = YES_ERROR;
				CLANG_WARN_QUOTED_INCLUDE_IN_FRAMEWORK_HEADER = YES;
				CLANG_WARN_RANGE_LOOP_ANALYSIS = YES;
				CLANG_WARN_STRICT_PROTOTYPES = YES;
				CLANG_WARN_SUSPICIOUS_MOVE = YES;
				CLANG_WARN_UNGUARDED_AVAILABILITY = YES_AGGRESSIVE;
				CLANG_WARN_UNREACHABLE_CODE = YES;
				CLANG_WARN__DUPLICATE_METHOD_MATCH = YES;
				COPY_PHASE_STRIP = NO;
				DEBUG_INFORMATION_FORMAT = "dwarf-with-dsym";
				ENABLE_NS_ASSERTIONS = NO;
				ENABLE_STRICT_OBJC_MSGSEND = YES;
				GCC_C_LANGUAGE_STANDARD = gnu11;
				GCC_NO_COMMON_BLOCKS = YES;
				GCC_WARN_64_TO_32_BIT_CONVERSION = YES;
				GCC_WARN_ABOUT_RETURN_TYPE = YES_ERROR;
				GCC_WARN_UNDECLARED_SELECTOR = YES;
				GCC_WARN_UNINITIALIZED_AUTOS = YES_AGGRESSIVE;
				GCC_WARN_UNUSED_FUNCTION = YES;
				GCC_WARN_UNUSED_VARIABLE = YES;
				IPHONEOS_DEPLOYMENT_TARGET = 17.0;
				MTL_ENABLE_DEBUG_INFO = NO;
				MTL_FAST_MATH = YES;
				PRODUCT_NAME = "$(TARGET_NAME)";
				SDKROOT = iphoneos;
				SWIFT_COMPILATION_MODE = wholemodule;
				SWIFT_OPTIMIZATION_LEVEL = "-O";
				SWIFT_VERSION = 5.9;
			};
			name = Release;
		};
		2315774A58D9E5712C6D3D07 /* Debug */ = {
			isa = XCBuildConfiguration;
			buildSettings = {
				ALWAYS_SEARCH_USER_PATHS = NO;
				CLANG_ANALYZER_NONNULL = YES;
				CLANG_ANALYZER_NUMBER_OBJECT_CONVERSION = YES_AGGRESSIVE;
				CLANG_CXX_LANGUAGE_STANDARD = "gnu++14";
				CLANG_CXX_LIBRARY = "libc++";
				CLANG_ENABLE_MODULES = YES;
				CLANG_ENABLE_OBJC_ARC = YES;
				CLANG_ENABLE_OBJC_WEAK = YES;
				CLANG_WARN_BLOCK_CAPTURE_AUTORELEASING = YES;
				CLANG_WARN_BOOL_CONVERSION = YES;
				CLANG_WARN_COMMA = YES;
				CLANG_WARN_CONSTANT_CONVERSION = YES;
				CLANG_WARN_DEPRECATED_OBJC_IMPLEMENTATIONS = YES;
				CLANG_WARN_DIRECT_OBJC_ISA_USAGE = YES_ERROR;
				CLANG_WARN_DOCUMENTATION_COMMENTS = YES;
				CLANG_WARN_EMPTY_BODY = YES;
				CLANG_WARN_ENUM_CONVERSION = YES;
				CLANG_WARN_INFINITE_RECURSION = YES;
				CLANG_WARN_INT_CONVERSION = YES;
				CLANG_WARN_NON_LITERAL_NULL_CONVERSION = YES;
				CLANG_WARN_OBJC_IMPLICIT_RETAIN_SELF = YES;
				CLANG_WARN_OBJC_LITERAL_CONVERSION = YES;
				CLANG_WARN_OBJC_ROOT_CLASS = YES_ERROR;
				CLANG_WARN_QUOTED_INCLUDE_IN_FRAMEWORK_HEADER = YES;
				CLANG_WARN_RANGE_LOOP_ANALYSIS = YES;
				CLANG_WARN_STRICT_PROTOTYPES = YES;
				CLANG_WARN_SUSPICIOUS_MOVE = YES;
				CLANG_WARN_UNGUARDED_AVAILABILITY = YES_AGGRESSIVE;
				CLANG_WARN_UNREACHABLE_CODE = YES;
				CLANG_WARN__DUPLICATE_METHOD_MATCH = YES;
				COPY_PHASE_STRIP = NO;
				DEBUG_INFORMATION_FORMAT = dwarf;
				ENABLE_STRICT_OBJC_MSGSEND = YES;
				ENABLE_TESTABILITY = YES;
				GCC_C_LANGUAGE_STANDARD = gnu11;
				GCC_DYNAMIC_NO_PIC = NO;
				GCC_NO_COMMON_BLOCKS = YES;
				GCC_OPTIMIZATION_LEVEL = 0;
				GCC_PREPROCESSOR_DEFINITIONS = (
					"$(inherited)",
					"DEBUG=1",
				);
				GCC_WARN_64_TO_32_BIT_CONVERSION = YES;
				GCC_WARN_ABOUT_RETURN_TYPE = YES_ERROR;
				GCC_WARN_UNDECLARED_SELECTOR = YES;
				GCC_WARN_UNINITIALIZED_AUTOS = YES_AGGRESSIVE;
				GCC_WARN_UNUSED_FUNCTION = YES;
				GCC_WARN_UNUSED_VARIABLE = YES;
				IPHONEOS_DEPLOYMENT_TARGET = 17.0;
				MTL_ENABLE_DEBUG_INFO = INCLUDE_SOURCE;
				MTL_FAST_MATH = YES;
				ONLY_ACTIVE_ARCH = YES;
				PRODUCT_NAME = "$(TARGET_NAME)";
				SDKROOT = iphoneos;
				SWIFT_ACTIVE_COMPILATION_CONDITIONS = DEBUG;
				SWIFT_OPTIMIZATION_LEVEL = "-Onone";
				SWIFT_VERSION = 5.9;
			};
			name = Debug;
		};
		7EC02F6EB9E259437B268BC4 /* Debug */ = {
			isa = XCBuildConfiguration;
			buildSettings = {
				BUNDLE_LOADER = "$(TEST_HOST)";
				LD_RUNPATH_SEARCH_PATHS = (
					"$(inherited)",
					"@executable_path/Frameworks",
					"@loader_path/Frameworks",
				);
				PRODUCT_BUNDLE_IDENTIFIER = com.peppermint.PeppermintUITests;
				SDKROOT = iphoneos;
				TARGETED_DEVICE_FAMILY = "1,2";
				TEST_TARGET_NAME = Peppermint;
			};
			name = Debug;
		};
		BABD9EC21909CC2203BD1D41 /* Release */ = {
			isa = XCBuildConfiguration;
			buildSettings = {
				BUNDLE_LOADER = "$(TEST_HOST)";
				LD_RUNPATH_SEARCH_PATHS = (
					"$(inherited)",
					"@executable_path/Frameworks",
					"@loader_path/Frameworks",
				);
				PRODUCT_BUNDLE_IDENTIFIER = com.peppermint.PeppermintTests;
				SDKROOT = iphoneos;
				TARGETED_DEVICE_FAMILY = "1,2";
				TEST_HOST = "$(BUILT_PRODUCTS_DIR)/Peppermint.app/Peppermint";
			};
			name = Release;
		};
		E8C64CF7EA2DAE2C84913D91 /* Debug */ = {
			isa = XCBuildConfiguration;
			buildSettings = {
				BUNDLE_LOADER = "$(TEST_HOST)";
				LD_RUNPATH_SEARCH_PATHS = (
					"$(inherited)",
					"@executable_path/Frameworks",
					"@loader_path/Frameworks",
				);
				PRODUCT_BUNDLE_IDENTIFIER = com.peppermint.PeppermintTests;
				SDKROOT = iphoneos;
				TARGETED_DEVICE_FAMILY = "1,2";
				TEST_HOST = "$(BUILT_PRODUCTS_DIR)/Peppermint.app/Peppermint";
			};
			name = Debug;
		};
		EE7EF75F1B7A801C2E6EB8AF /* Release */ = {
			isa = XCBuildConfiguration;
			buildSettings = {
				ASSETCATALOG_COMPILER_APPICON_NAME = AppIcon;
				ASSETCATALOG_COMPILER_GLOBAL_ACCENT_COLOR_NAME = AccentColor;
				CODE_SIGN_IDENTITY = "iPhone Developer";
				DEVELOPMENT_ASSET_PATHS = "\"Peppermint/Preview Content\"";
				ENABLE_PREVIEWS = YES;
				INFOPLIST_FILE = Peppermint/Info.plist;
				LD_RUNPATH_SEARCH_PATHS = (
					"$(inherited)",
					"@executable_path/Frameworks",
				);
				PRODUCT_BUNDLE_IDENTIFIER = com.peppermint.app;
				SDKROOT = iphoneos;
				TARGETED_DEVICE_FAMILY = "1,2";
			};
			name = Release;
		};
		F04A412FD6243D9C62BC088C /* Debug */ = {
			isa = XCBuildConfiguration;
			buildSettings = {
				ASSETCATALOG_COMPILER_APPICON_NAME = AppIcon;
				ASSETCATALOG_COMPILER_GLOBAL_ACCENT_COLOR_NAME = AccentColor;
				CODE_SIGN_IDENTITY = "iPhone Developer";
				DEVELOPMENT_ASSET_PATHS = "\"Peppermint/Preview Content\"";
				ENABLE_PREVIEWS = YES;
				INFOPLIST_FILE = Peppermint/Info.plist;
				LD_RUNPATH_SEARCH_PATHS = (
					"$(inherited)",
					"@executable_path/Frameworks",
				);
				PRODUCT_BUNDLE_IDENTIFIER = com.peppermint.app;
				SDKROOT = iphoneos;
				TARGETED_DEVICE_FAMILY = "1,2";
			};
			name = Debug;
		};
/* End XCBuildConfiguration section */

/* Begin XCConfigurationList section */
		1B6E1D88BE5F835D937CDFB1 /* Build configuration list for PBXProject "Peppermint" */ = {
			isa = XCConfigurationList;
			buildConfigurations = (
				2315774A58D9E5712C6D3D07 /* Debug */,
				1115C8A2251C736B2BE6CB24 /* Release */,
			);
			defaultConfigurationIsVisible = 0;
			defaultConfigurationName = Debug;
		};
		54F28E27D814635813FB125F /* Build configuration list for PBXNativeTarget "PeppermintTests" */ = {
			isa = XCConfigurationList;
			buildConfigurations = (
				E8C64CF7EA2DAE2C84913D91 /* Debug */,
				BABD9EC21909CC2203BD1D41 /* Release */,
			);
			defaultConfigurationIsVisible = 0;
			defaultConfigurationName = Debug;
		};
		EBC09E0B5BFFEEB4257C4353 /* Build configuration list for PBXNativeTarget "Peppermint" */ = {
			isa = XCConfigurationList;
			buildConfigurations = (
				F04A412FD6243D9C62BC088C /* Debug */,
				EE7EF75F1B7A801C2E6EB8AF /* Release */,
			);
			defaultConfigurationIsVisible = 0;
			defaultConfigurationName = Debug;
		};
		F21D3185A60F24A42CD24C19 /* Build configuration list for PBXNativeTarget "PeppermintUITests" */ = {
			isa = XCConfigurationList;
			buildConfigurations = (
				7EC02F6EB9E259437B268BC4 /* Debug */,
				0564745086663BCAD434CE7A /* Release */,
			);
			defaultConfigurationIsVisible = 0;
			defaultConfigurationName = Debug;
		};
/* End XCConfigurationList section */

/* Begin XCVersionGroup section */
		42E65113F5509F80F567218D /* PeppermintDataModel.xcdatamodeld */ = {
			isa = XCVersionGroup;
			children = (
				457FBEBF1F4CE5F4DD70FB65 /* PeppermintDataModel.xcdatamodel */,
			);
			currentVersion = 457FBEBF1F4CE5F4DD70FB65 /* PeppermintDataModel.xcdatamodel */;
			path = PeppermintDataModel.xcdatamodeld;
			sourceTree = "<group>";
			versionGroupType = wrapper.xcdatamodel;
		};
/* End XCVersionGroup section */
	};
	rootObject = FC4F3E258C95BA19ABE6508D /* Project object */;
}
